
Microsoft Visual Studio Solution File, Format Version 12.00
# Visual Studio Version 17
VisualStudioVersion = 17.8.34511.84
MinimumVisualStudioVersion = 10.0.40219.1
Project("{FAE04EC0-301F-11D3-BF4B-00C04F79EFBC}") = "WebAPI-Personas", "WebAPI-Personas\WebAPI-Personas.csproj", "{264C1A14-E551-4F01-9C20-B640445467AA}"
EndProject
Global
	GlobalSection(SolutionConfigurationPlatforms) = preSolution
		Debug|Any CPU = Debug|Any CPU
		Release|Any CPU = Release|Any CPU
	EndGlobalSection
	GlobalSection(ProjectConfigurationPlatforms) = postSolution
		{264C1A14-E551-4F01-9C20-B640445467AA}.Debug|Any CPU.ActiveCfg = Debug|Any CPU
		{264C1A14-E551-4F01-9C20-B640445467AA}.Debug|Any CPU.Build.0 = Debug|Any CPU
		{264C1A14-E551-4F01-9C20-B640445467AA}.Release|Any CPU.ActiveCfg = Release|Any CPU
		{264C1A14-E551-4F01-9C20-B640445467AA}.Release|Any CPU.Build.0 = Release|Any CPU
	EndGlobalSection
	GlobalSection(SolutionProperties) = preSolution
		HideSolutionNode = FALSE
	EndGlobalSection
	GlobalSection(ExtensibilityGlobals) = postSolution
		SolutionGuid = {AF484AAD-DB66-4D4F-AFBE-3353F707DB28}
	EndGlobalSection
EndGlobal
